
Microsoft Visual Studio Solution File, Format Version 12.00
# Visual Studio Version 17
VisualStudioVersion = 17.11.35312.102
MinimumVisualStudioVersion = 10.0.40219.1
Project("{FAE04EC0-301F-11D3-BF4B-00C04F79EFBC}") = "Nemocnice", "Nemocnice\Nemocnice.csproj", "{944CB48B-A769-4294-87D2-36D7D304349C}"
EndProject
Project("{FAE04EC0-301F-11D3-BF4B-00C04F79EFBC}") = "Nemocnice.infrastructure", "Nemocnice.infrastructure\Nemocnice.infrastructure.csproj", "{270067B4-959E-40BF-8F2E-1B3548E605E0}"
EndProject
Project("{FAE04EC0-301F-11D3-BF4B-00C04F79EFBC}") = "Nemocnice.application", "Nemocnice.application\Nemocnice.application.csproj", "{2CBA2231-94F1-4232-BDEF-1A6E5F5DB191}"
EndProject
Project("{FAE04EC0-301F-11D3-BF4B-00C04F79EFBC}") = "Nemocnice.domain", "Nemocnice.domain\Nemocnice.domain.csproj", "{B13C8862-193B-4827-9A21-1A235352DE0C}"
EndProject
Global
	GlobalSection(SolutionConfigurationPlatforms) = preSolution
		Debug|Any CPU = Debug|Any CPU
		Release|Any CPU = Release|Any CPU
	EndGlobalSection
	GlobalSection(ProjectConfigurationPlatforms) = postSolution
		{944CB48B-A769-4294-87D2-36D7D304349C}.Debug|Any CPU.ActiveCfg = Debug|Any CPU
		{944CB48B-A769-4294-87D2-36D7D304349C}.Debug|Any CPU.Build.0 = Debug|Any CPU
		{944CB48B-A769-4294-87D2-36D7D304349C}.Release|Any CPU.ActiveCfg = Release|Any CPU
		{944CB48B-A769-4294-87D2-36D7D304349C}.Release|Any CPU.Build.0 = Release|Any CPU
		{270067B4-959E-40BF-8F2E-1B3548E605E0}.Debug|Any CPU.ActiveCfg = Debug|Any CPU
		{270067B4-959E-40BF-8F2E-1B3548E605E0}.Debug|Any CPU.Build.0 = Debug|Any CPU
		{270067B4-959E-40BF-8F2E-1B3548E605E0}.Release|Any CPU.ActiveCfg = Release|Any CPU
		{270067B4-959E-40BF-8F2E-1B3548E605E0}.Release|Any CPU.Build.0 = Release|Any CPU
		{2CBA2231-94F1-4232-BDEF-1A6E5F5DB191}.Debug|Any CPU.ActiveCfg = Debug|Any CPU
		{2CBA2231-94F1-4232-BDEF-1A6E5F5DB191}.Debug|Any CPU.Build.0 = Debug|Any CPU
		{2CBA2231-94F1-4232-BDEF-1A6E5F5DB191}.Release|Any CPU.ActiveCfg = Release|Any CPU
		{2CBA2231-94F1-4232-BDEF-1A6E5F5DB191}.Release|Any CPU.Build.0 = Release|Any CPU
		{B13C8862-193B-4827-9A21-1A235352DE0C}.Debug|Any CPU.ActiveCfg = Debug|Any CPU
		{B13C8862-193B-4827-9A21-1A235352DE0C}.Debug|Any CPU.Build.0 = Debug|Any CPU
		{B13C8862-193B-4827-9A21-1A235352DE0C}.Release|Any CPU.ActiveCfg = Release|Any CPU
		{B13C8862-193B-4827-9A21-1A235352DE0C}.Release|Any CPU.Build.0 = Release|Any CPU
	EndGlobalSection
	GlobalSection(SolutionProperties) = preSolution
		HideSolutionNode = FALSE
	EndGlobalSection
	GlobalSection(ExtensibilityGlobals) = postSolution
		SolutionGuid = {88BC0FED-FFBC-4EFC-A06F-516424C27ECE}
	EndGlobalSection
EndGlobal
